
Microsoft Visual Studio Solution File, Format Version 12.00
# Visual Studio Version 16
VisualStudioVersion = 16.0.30320.27
MinimumVisualStudioVersion = 10.0.40219.1
Project("{FAE04EC0-301F-11D3-BF4B-00C04F79EFBC}") = "Binary Search Trees", "Code Challenge_Day 22 Binary Search Trees\Binary Search Trees.csproj", "{F868C807-7A42-4E1F-ACE5-6A64FF6F0BDD}"
EndProject
Global
	GlobalSection(SolutionConfigurationPlatforms) = preSolution
		Debug|Any CPU = Debug|Any CPU
		Release|Any CPU = Release|Any CPU
	EndGlobalSection
	GlobalSection(ProjectConfigurationPlatforms) = postSolution
		{F868C807-7A42-4E1F-ACE5-6A64FF6F0BDD}.Debug|Any CPU.ActiveCfg = Debug|Any CPU
		{F868C807-7A42-4E1F-ACE5-6A64FF6F0BDD}.Debug|Any CPU.Build.0 = Debug|Any CPU
		{F868C807-7A42-4E1F-ACE5-6A64FF6F0BDD}.Release|Any CPU.ActiveCfg = Release|Any CPU
		{F868C807-7A42-4E1F-ACE5-6A64FF6F0BDD}.Release|Any CPU.Build.0 = Release|Any CPU
	EndGlobalSection
	GlobalSection(SolutionProperties) = preSolution
		HideSolutionNode = FALSE
	EndGlobalSection
	GlobalSection(ExtensibilityGlobals) = postSolution
		SolutionGuid = {8D47B8ED-CF3C-41E5-8F60-E29C6C27BBAB}
	EndGlobalSection
EndGlobal
